
Microsoft Visual Studio Solution File, Format Version 12.00
# Visual Studio Version 17
VisualStudioVersion = 17.0.31903.59
MinimumVisualStudioVersion = 10.0.40219.1
Project("{2150E333-8FDC-42A3-9474-1A3956D46DE8}") = "src", "src", "{628F6F1D-73DB-4A14-955F-874FFBCAA6B5}"
EndProject
Project("{9A19103F-16F7-4668-BE54-9A1E7A4F7556}") = "IdentityServer", "src\IdentityServer\IdentityServer.csproj", "{86731985-4A79-4F11-856C-8C39CC03CCB8}"
EndProject
Project("{9A19103F-16F7-4668-BE54-9A1E7A4F7556}") = "Client", "src\Client\Client.csproj", "{E64FFC0D-3C9E-4D6F-ABCD-1C40D76613DA}"
EndProject
Project("{9A19103F-16F7-4668-BE54-9A1E7A4F7556}") = "Api", "src\Api\Api.csproj", "{962DDFBE-8A11-4835-A864-6E388CAB67BA}"
EndProject
Project("{9A19103F-16F7-4668-BE54-9A1E7A4F7556}") = "WebClient", "src\WebClient\WebClient.csproj", "{1AFF3CC9-E665-4F57-B15E-C3D71168085D}"
EndProject
Project("{9A19103F-16F7-4668-BE54-9A1E7A4F7556}") = "JavaScriptClient", "src\JavaScriptClient\JavaScriptClient.csproj", "{8859A6BC-5E94-40E5-98CE-8790B39B6EAF}"
EndProject
Project("{9A19103F-16F7-4668-BE54-9A1E7A4F7556}") = "JavaScriptClient2", "src\JavaScriptClient2\JavaScriptClient2.csproj", "{4565E864-FEF5-441F-A67C-B7229A7E200E}"
EndProject
Project("{FAE04EC0-301F-11D3-BF4B-00C04F79EFBC}") = "WebClientRoleBased", "src\WebClientRoleBased\WebClientRoleBased.csproj", "{0409F3FA-156A-4887-A59A-F2EC6293EA26}"
EndProject
Global
	GlobalSection(SolutionConfigurationPlatforms) = preSolution
		Debug|Any CPU = Debug|Any CPU
		Release|Any CPU = Release|Any CPU
	EndGlobalSection
	GlobalSection(ProjectConfigurationPlatforms) = postSolution
		{86731985-4A79-4F11-856C-8C39CC03CCB8}.Debug|Any CPU.ActiveCfg = Debug|Any CPU
		{86731985-4A79-4F11-856C-8C39CC03CCB8}.Debug|Any CPU.Build.0 = Debug|Any CPU
		{86731985-4A79-4F11-856C-8C39CC03CCB8}.Release|Any CPU.ActiveCfg = Release|Any CPU
		{86731985-4A79-4F11-856C-8C39CC03CCB8}.Release|Any CPU.Build.0 = Release|Any CPU
		{E64FFC0D-3C9E-4D6F-ABCD-1C40D76613DA}.Debug|Any CPU.ActiveCfg = Debug|Any CPU
		{E64FFC0D-3C9E-4D6F-ABCD-1C40D76613DA}.Debug|Any CPU.Build.0 = Debug|Any CPU
		{E64FFC0D-3C9E-4D6F-ABCD-1C40D76613DA}.Release|Any CPU.ActiveCfg = Release|Any CPU
		{E64FFC0D-3C9E-4D6F-ABCD-1C40D76613DA}.Release|Any CPU.Build.0 = Release|Any CPU
		{962DDFBE-8A11-4835-A864-6E388CAB67BA}.Debug|Any CPU.ActiveCfg = Debug|Any CPU
		{962DDFBE-8A11-4835-A864-6E388CAB67BA}.Debug|Any CPU.Build.0 = Debug|Any CPU
		{962DDFBE-8A11-4835-A864-6E388CAB67BA}.Release|Any CPU.ActiveCfg = Release|Any CPU
		{962DDFBE-8A11-4835-A864-6E388CAB67BA}.Release|Any CPU.Build.0 = Release|Any CPU
		{1AFF3CC9-E665-4F57-B15E-C3D71168085D}.Debug|Any CPU.ActiveCfg = Debug|Any CPU
		{1AFF3CC9-E665-4F57-B15E-C3D71168085D}.Debug|Any CPU.Build.0 = Debug|Any CPU
		{1AFF3CC9-E665-4F57-B15E-C3D71168085D}.Release|Any CPU.ActiveCfg = Release|Any CPU
		{1AFF3CC9-E665-4F57-B15E-C3D71168085D}.Release|Any CPU.Build.0 = Release|Any CPU
		{8859A6BC-5E94-40E5-98CE-8790B39B6EAF}.Debug|Any CPU.ActiveCfg = Debug|Any CPU
		{8859A6BC-5E94-40E5-98CE-8790B39B6EAF}.Debug|Any CPU.Build.0 = Debug|Any CPU
		{8859A6BC-5E94-40E5-98CE-8790B39B6EAF}.Release|Any CPU.ActiveCfg = Release|Any CPU
		{8859A6BC-5E94-40E5-98CE-8790B39B6EAF}.Release|Any CPU.Build.0 = Release|Any CPU
		{4565E864-FEF5-441F-A67C-B7229A7E200E}.Debug|Any CPU.ActiveCfg = Debug|Any CPU
		{4565E864-FEF5-441F-A67C-B7229A7E200E}.Debug|Any CPU.Build.0 = Debug|Any CPU
		{4565E864-FEF5-441F-A67C-B7229A7E200E}.Release|Any CPU.ActiveCfg = Release|Any CPU
		{4565E864-FEF5-441F-A67C-B7229A7E200E}.Release|Any CPU.Build.0 = Release|Any CPU
		{0409F3FA-156A-4887-A59A-F2EC6293EA26}.Debug|Any CPU.ActiveCfg = Debug|Any CPU
		{0409F3FA-156A-4887-A59A-F2EC6293EA26}.Debug|Any CPU.Build.0 = Debug|Any CPU
		{0409F3FA-156A-4887-A59A-F2EC6293EA26}.Release|Any CPU.ActiveCfg = Release|Any CPU
		{0409F3FA-156A-4887-A59A-F2EC6293EA26}.Release|Any CPU.Build.0 = Release|Any CPU
	EndGlobalSection
	GlobalSection(SolutionProperties) = preSolution
		HideSolutionNode = FALSE
	EndGlobalSection
	GlobalSection(NestedProjects) = preSolution
		{86731985-4A79-4F11-856C-8C39CC03CCB8} = {628F6F1D-73DB-4A14-955F-874FFBCAA6B5}
		{E64FFC0D-3C9E-4D6F-ABCD-1C40D76613DA} = {628F6F1D-73DB-4A14-955F-874FFBCAA6B5}
		{962DDFBE-8A11-4835-A864-6E388CAB67BA} = {628F6F1D-73DB-4A14-955F-874FFBCAA6B5}
		{1AFF3CC9-E665-4F57-B15E-C3D71168085D} = {628F6F1D-73DB-4A14-955F-874FFBCAA6B5}
		{8859A6BC-5E94-40E5-98CE-8790B39B6EAF} = {628F6F1D-73DB-4A14-955F-874FFBCAA6B5}
		{4565E864-FEF5-441F-A67C-B7229A7E200E} = {628F6F1D-73DB-4A14-955F-874FFBCAA6B5}
		{0409F3FA-156A-4887-A59A-F2EC6293EA26} = {628F6F1D-73DB-4A14-955F-874FFBCAA6B5}
	EndGlobalSection
	GlobalSection(ExtensibilityGlobals) = postSolution
		SolutionGuid = {B68693B6-FDF9-4489-84D4-73E59A20359B}
	EndGlobalSection
EndGlobal
