
Microsoft Visual Studio Solution File, Format Version 12.00
# Visual Studio Version 17
VisualStudioVersion = 17.0.31903.59
MinimumVisualStudioVersion = 10.0.40219.1
Project("{2150E333-8FDC-42A3-9474-1A3956D46DE8}") = "src", "src", "{D0285240-F896-4CDF-9692-07CD1EEDFECE}"
EndProject
Project("{9A19103F-16F7-4668-BE54-9A1E7A4F7556}") = "IdentityServer", "src\IdentityServer\IdentityServer.csproj", "{F18D0A8F-89C3-42F4-9BF2-D44C043B46B8}"
EndProject
Project("{9A19103F-16F7-4668-BE54-9A1E7A4F7556}") = "Api", "src\Api\Api.csproj", "{8B3F6494-C599-4939-9C46-C97D7D222802}"
EndProject
Project("{9A19103F-16F7-4668-BE54-9A1E7A4F7556}") = "Client", "src\Client\Client.csproj", "{A8307EEA-E920-4DBD-B64E-31109F02786D}"
EndProject
Project("{9A19103F-16F7-4668-BE54-9A1E7A4F7556}") = "MvcClient", "src\MvcClient\MvcClient.csproj", "{8C8F2841-018B-498B-A2FC-51496DDCCC6E}"
EndProject
Project("{FAE04EC0-301F-11D3-BF4B-00C04F79EFBC}") = "JavascriptClient", "src\JavascriptClient\JavascriptClient.csproj", "{E036FB25-1330-4E48-AF7C-1D7EE96F00A7}"
EndProject
Global
	GlobalSection(SolutionConfigurationPlatforms) = preSolution
		Debug|Any CPU = Debug|Any CPU
		Release|Any CPU = Release|Any CPU
	EndGlobalSection
	GlobalSection(ProjectConfigurationPlatforms) = postSolution
		{F18D0A8F-89C3-42F4-9BF2-D44C043B46B8}.Debug|Any CPU.ActiveCfg = Debug|Any CPU
		{F18D0A8F-89C3-42F4-9BF2-D44C043B46B8}.Debug|Any CPU.Build.0 = Debug|Any CPU
		{F18D0A8F-89C3-42F4-9BF2-D44C043B46B8}.Release|Any CPU.ActiveCfg = Release|Any CPU
		{F18D0A8F-89C3-42F4-9BF2-D44C043B46B8}.Release|Any CPU.Build.0 = Release|Any CPU
		{8B3F6494-C599-4939-9C46-C97D7D222802}.Debug|Any CPU.ActiveCfg = Debug|Any CPU
		{8B3F6494-C599-4939-9C46-C97D7D222802}.Debug|Any CPU.Build.0 = Debug|Any CPU
		{8B3F6494-C599-4939-9C46-C97D7D222802}.Release|Any CPU.ActiveCfg = Release|Any CPU
		{8B3F6494-C599-4939-9C46-C97D7D222802}.Release|Any CPU.Build.0 = Release|Any CPU
		{A8307EEA-E920-4DBD-B64E-31109F02786D}.Debug|Any CPU.ActiveCfg = Debug|Any CPU
		{A8307EEA-E920-4DBD-B64E-31109F02786D}.Debug|Any CPU.Build.0 = Debug|Any CPU
		{A8307EEA-E920-4DBD-B64E-31109F02786D}.Release|Any CPU.ActiveCfg = Release|Any CPU
		{A8307EEA-E920-4DBD-B64E-31109F02786D}.Release|Any CPU.Build.0 = Release|Any CPU
		{8C8F2841-018B-498B-A2FC-51496DDCCC6E}.Debug|Any CPU.ActiveCfg = Debug|Any CPU
		{8C8F2841-018B-498B-A2FC-51496DDCCC6E}.Debug|Any CPU.Build.0 = Debug|Any CPU
		{8C8F2841-018B-498B-A2FC-51496DDCCC6E}.Release|Any CPU.ActiveCfg = Release|Any CPU
		{8C8F2841-018B-498B-A2FC-51496DDCCC6E}.Release|Any CPU.Build.0 = Release|Any CPU
		{E036FB25-1330-4E48-AF7C-1D7EE96F00A7}.Debug|Any CPU.ActiveCfg = Debug|Any CPU
		{E036FB25-1330-4E48-AF7C-1D7EE96F00A7}.Debug|Any CPU.Build.0 = Debug|Any CPU
		{E036FB25-1330-4E48-AF7C-1D7EE96F00A7}.Release|Any CPU.ActiveCfg = Release|Any CPU
		{E036FB25-1330-4E48-AF7C-1D7EE96F00A7}.Release|Any CPU.Build.0 = Release|Any CPU
	EndGlobalSection
	GlobalSection(SolutionProperties) = preSolution
		HideSolutionNode = FALSE
	EndGlobalSection
	GlobalSection(NestedProjects) = preSolution
		{F18D0A8F-89C3-42F4-9BF2-D44C043B46B8} = {D0285240-F896-4CDF-9692-07CD1EEDFECE}
		{8B3F6494-C599-4939-9C46-C97D7D222802} = {D0285240-F896-4CDF-9692-07CD1EEDFECE}
		{A8307EEA-E920-4DBD-B64E-31109F02786D} = {D0285240-F896-4CDF-9692-07CD1EEDFECE}
		{8C8F2841-018B-498B-A2FC-51496DDCCC6E} = {D0285240-F896-4CDF-9692-07CD1EEDFECE}
		{E036FB25-1330-4E48-AF7C-1D7EE96F00A7} = {D0285240-F896-4CDF-9692-07CD1EEDFECE}
	EndGlobalSection
	GlobalSection(ExtensibilityGlobals) = postSolution
		SolutionGuid = {CA95B64D-7264-4BFB-BD3D-E4940BE29CD1}
	EndGlobalSection
EndGlobal
